
Microsoft Visual Studio Solution File, Format Version 12.00
# Visual Studio Version 17
VisualStudioVersion = 17.9.34728.123
MinimumVisualStudioVersion = 10.0.40219.1
Project("{FAE04EC0-301F-11D3-BF4B-00C04F79EFBC}") = "CS_Form", "CS_Form\CS_Form.csproj", "{9961A9A7-18B6-4704-8D2A-57CEF3AB4EF5}"
EndProject
Global
	GlobalSection(SolutionConfigurationPlatforms) = preSolution
		Debug|Any CPU = Debug|Any CPU
		Release|Any CPU = Release|Any CPU
	EndGlobalSection
	GlobalSection(ProjectConfigurationPlatforms) = postSolution
		{9961A9A7-18B6-4704-8D2A-57CEF3AB4EF5}.Debug|Any CPU.ActiveCfg = Debug|Any CPU
		{9961A9A7-18B6-4704-8D2A-57CEF3AB4EF5}.Debug|Any CPU.Build.0 = Debug|Any CPU
		{9961A9A7-18B6-4704-8D2A-57CEF3AB4EF5}.Release|Any CPU.ActiveCfg = Release|Any CPU
		{9961A9A7-18B6-4704-8D2A-57CEF3AB4EF5}.Release|Any CPU.Build.0 = Release|Any CPU
	EndGlobalSection
	GlobalSection(SolutionProperties) = preSolution
		HideSolutionNode = FALSE
	EndGlobalSection
	GlobalSection(ExtensibilityGlobals) = postSolution
		SolutionGuid = {0F5C46EE-0005-4206-B18B-D0A003DB5F87}
	EndGlobalSection
EndGlobal
